
Microsoft Visual Studio Solution File, Format Version 12.00
# Visual Studio Version 17
VisualStudioVersion = 17.5.33516.290
MinimumVisualStudioVersion = 10.0.40219.1
Project("{9A19103F-16F7-4668-BE54-9A1E7A4F7556}") = "WinFormsApp298", "WinFormsApp298\WinFormsApp298.csproj", "{5DEC7319-32BB-46F3-9733-3D9FBB0DE0BF}"
EndProject
Global
	GlobalSection(SolutionConfigurationPlatforms) = preSolution
		Debug|Any CPU = Debug|Any CPU
		Release|Any CPU = Release|Any CPU
	EndGlobalSection
	GlobalSection(ProjectConfigurationPlatforms) = postSolution
		{5DEC7319-32BB-46F3-9733-3D9FBB0DE0BF}.Debug|Any CPU.ActiveCfg = Debug|Any CPU
		{5DEC7319-32BB-46F3-9733-3D9FBB0DE0BF}.Debug|Any CPU.Build.0 = Debug|Any CPU
		{5DEC7319-32BB-46F3-9733-3D9FBB0DE0BF}.Release|Any CPU.ActiveCfg = Release|Any CPU
		{5DEC7319-32BB-46F3-9733-3D9FBB0DE0BF}.Release|Any CPU.Build.0 = Release|Any CPU
	EndGlobalSection
	GlobalSection(SolutionProperties) = preSolution
		HideSolutionNode = FALSE
	EndGlobalSection
	GlobalSection(ExtensibilityGlobals) = postSolution
		SolutionGuid = {3C49D980-C0D4-430A-BF0A-06C14B8B934A}
	EndGlobalSection
EndGlobal
